{
  "object": {
    "pins": [
      {
        "package": "Facebook",
        "repositoryURL": "https://github.com/facebook/facebook-ios-sdk",
        "state": {
          "branch": null,
          "revision": "b876a077ae4b0568ae7e5b7a869aa13c161cc661",
          "version": "11.1.0"
        }
      }
    ]
  },
  "version": 1
}
